
Microsoft Visual Studio Solution File, Format Version 12.00
# Visual Studio Version 16
VisualStudioVersion = 16.0.29102.190
MinimumVisualStudioVersion = 10.0.40219.1
Project("{9A19103F-16F7-4668-BE54-9A1E7A4F7556}") = "Client", "Client\Client.csproj", "{52F6D5DD-FBD4-42D5-8BAD-D7453EFAA8A4}"
EndProject
Project("{9A19103F-16F7-4668-BE54-9A1E7A4F7556}") = "Service", "Service\Service.csproj", "{D6CF14B7-2A5A-4D3F-91DC-72BAC968C061}"
EndProject
Project("{FAE04EC0-301F-11D3-BF4B-00C04F79EFBC}") = "Model", "Model\Model.csproj", "{9F7AEA37-6636-4DE5-B82A-7E11AADD42C5}"
EndProject
Global
	GlobalSection(SolutionConfigurationPlatforms) = preSolution
		Debug|Any CPU = Debug|Any CPU
		Release|Any CPU = Release|Any CPU
	EndGlobalSection
	GlobalSection(ProjectConfigurationPlatforms) = postSolution
		{52F6D5DD-FBD4-42D5-8BAD-D7453EFAA8A4}.Debug|Any CPU.ActiveCfg = Debug|Any CPU
		{52F6D5DD-FBD4-42D5-8BAD-D7453EFAA8A4}.Debug|Any CPU.Build.0 = Debug|Any CPU
		{52F6D5DD-FBD4-42D5-8BAD-D7453EFAA8A4}.Release|Any CPU.ActiveCfg = Release|Any CPU
		{52F6D5DD-FBD4-42D5-8BAD-D7453EFAA8A4}.Release|Any CPU.Build.0 = Release|Any CPU
		{D6CF14B7-2A5A-4D3F-91DC-72BAC968C061}.Debug|Any CPU.ActiveCfg = Debug|Any CPU
		{D6CF14B7-2A5A-4D3F-91DC-72BAC968C061}.Debug|Any CPU.Build.0 = Debug|Any CPU
		{D6CF14B7-2A5A-4D3F-91DC-72BAC968C061}.Release|Any CPU.ActiveCfg = Release|Any CPU
		{D6CF14B7-2A5A-4D3F-91DC-72BAC968C061}.Release|Any CPU.Build.0 = Release|Any CPU
		{9F7AEA37-6636-4DE5-B82A-7E11AADD42C5}.Debug|Any CPU.ActiveCfg = Debug|Any CPU
		{9F7AEA37-6636-4DE5-B82A-7E11AADD42C5}.Debug|Any CPU.Build.0 = Debug|Any CPU
		{9F7AEA37-6636-4DE5-B82A-7E11AADD42C5}.Release|Any CPU.ActiveCfg = Release|Any CPU
		{9F7AEA37-6636-4DE5-B82A-7E11AADD42C5}.Release|Any CPU.Build.0 = Release|Any CPU
	EndGlobalSection
	GlobalSection(SolutionProperties) = preSolution
		HideSolutionNode = FALSE
	EndGlobalSection
	GlobalSection(ExtensibilityGlobals) = postSolution
		SolutionGuid = {D60C3474-52BB-4CF1-B1F8-3972F0184CD7}
	EndGlobalSection
EndGlobal
